
Microsoft Visual Studio Solution File, Format Version 12.00
# Visual Studio Version 16
VisualStudioVersion = 16.0.31105.61
MinimumVisualStudioVersion = 10.0.40219.1
Project("{FAE04EC0-301F-11D3-BF4B-00C04F79EFBC}") = "ChatBot", "ChatBot\ChatBot.csproj", "{F085FE03-50B2-4CF3-9D70-59FF0D47AB7E}"
EndProject
Global
	GlobalSection(SolutionConfigurationPlatforms) = preSolution
		Debug|Any CPU = Debug|Any CPU
		Release|Any CPU = Release|Any CPU
	EndGlobalSection
	GlobalSection(ProjectConfigurationPlatforms) = postSolution
		{F085FE03-50B2-4CF3-9D70-59FF0D47AB7E}.Debug|Any CPU.ActiveCfg = Debug|Any CPU
		{F085FE03-50B2-4CF3-9D70-59FF0D47AB7E}.Debug|Any CPU.Build.0 = Debug|Any CPU
		{F085FE03-50B2-4CF3-9D70-59FF0D47AB7E}.Release|Any CPU.ActiveCfg = Release|Any CPU
		{F085FE03-50B2-4CF3-9D70-59FF0D47AB7E}.Release|Any CPU.Build.0 = Release|Any CPU
	EndGlobalSection
	GlobalSection(SolutionProperties) = preSolution
		HideSolutionNode = FALSE
	EndGlobalSection
	GlobalSection(ExtensibilityGlobals) = postSolution
		SolutionGuid = {B193C6ED-122B-43A9-8FBD-FFD310215DE7}
	EndGlobalSection
EndGlobal
